
Microsoft Visual Studio Solution File, Format Version 12.00
# Visual Studio Version 17
VisualStudioVersion = 17.3.32901.215
MinimumVisualStudioVersion = 10.0.40219.1
Project("{FAE04EC0-301F-11D3-BF4B-00C04F79EFBC}") = "SystemOgloszeniowy", "SystemOgloszeniowy\SystemOgloszeniowy.csproj", "{6FA4D3E6-85F9-4079-BAFB-2470BD5195BF}"
EndProject
Global
	GlobalSection(SolutionConfigurationPlatforms) = preSolution
		Debug|Any CPU = Debug|Any CPU
		Release|Any CPU = Release|Any CPU
	EndGlobalSection
	GlobalSection(ProjectConfigurationPlatforms) = postSolution
		{6FA4D3E6-85F9-4079-BAFB-2470BD5195BF}.Debug|Any CPU.ActiveCfg = Debug|Any CPU
		{6FA4D3E6-85F9-4079-BAFB-2470BD5195BF}.Debug|Any CPU.Build.0 = Debug|Any CPU
		{6FA4D3E6-85F9-4079-BAFB-2470BD5195BF}.Release|Any CPU.ActiveCfg = Release|Any CPU
		{6FA4D3E6-85F9-4079-BAFB-2470BD5195BF}.Release|Any CPU.Build.0 = Release|Any CPU
	EndGlobalSection
	GlobalSection(SolutionProperties) = preSolution
		HideSolutionNode = FALSE
	EndGlobalSection
	GlobalSection(ExtensibilityGlobals) = postSolution
		SolutionGuid = {B198DCDD-ECBC-46F3-8906-385DB04A43A5}
	EndGlobalSection
EndGlobal
